
Microsoft Visual Studio Solution File, Format Version 12.00
# Visual Studio Version 17
VisualStudioVersion = 17.13.35825.156
MinimumVisualStudioVersion = 10.0.40219.1
Project("{8BC9CEB8-8B4A-11D0-8D11-00A0C91BC942}") = "HGame", "HGame\HGame.vcxproj", "{298E8476-9A89-4DC6-81BA-B94610158561}"
EndProject
Project("{8BC9CEB8-8B4A-11D0-8D11-00A0C91BC942}") = "SandBox", "SandBox\SandBox.vcxproj", "{4617AAAE-A1C8-4FEB-A5B5-82DA436AB1C9}"
EndProject
Global
	GlobalSection(SolutionConfigurationPlatforms) = preSolution
		Debug|x64 = Debug|x64
		Release|x64 = Release|x64
	EndGlobalSection
	GlobalSection(ProjectConfigurationPlatforms) = postSolution
		{298E8476-9A89-4DC6-81BA-B94610158561}.Debug|x64.ActiveCfg = Debug|x64
		{298E8476-9A89-4DC6-81BA-B94610158561}.Debug|x64.Build.0 = Debug|x64
		{298E8476-9A89-4DC6-81BA-B94610158561}.Release|x64.ActiveCfg = Release|x64
		{298E8476-9A89-4DC6-81BA-B94610158561}.Release|x64.Build.0 = Release|x64
		{4617AAAE-A1C8-4FEB-A5B5-82DA436AB1C9}.Debug|x64.ActiveCfg = Debug|x64
		{4617AAAE-A1C8-4FEB-A5B5-82DA436AB1C9}.Debug|x64.Build.0 = Debug|x64
		{4617AAAE-A1C8-4FEB-A5B5-82DA436AB1C9}.Release|x64.ActiveCfg = Release|x64
		{4617AAAE-A1C8-4FEB-A5B5-82DA436AB1C9}.Release|x64.Build.0 = Release|x64
	EndGlobalSection
	GlobalSection(SolutionProperties) = preSolution
		HideSolutionNode = FALSE
	EndGlobalSection
	GlobalSection(ExtensibilityGlobals) = postSolution
		SolutionGuid = {E5C42C57-11DA-4C06-A2C9-83AF3F8C41BD}
	EndGlobalSection
EndGlobal
